{
  "name": "ts-ast",
  "version": "1.0.0",
  "lockfileVersion": 1,
  "requires": true,
  "dependencies": {
    "@types/node": {
      "version": "11.10.0",
      "resolved": "https://registry.npmjs.org/@types/node/-/node-11.10.0.tgz",
      "integrity": "sha512-6Mb9+PPq9UzRpQrlPzZAbhEvodWDTnsIakddUAtSDpKYF6eu5zAdW31n8x7UZStvqGnDC7dCJnvU188ylv/Ytw=="
    },
    "typescript": {
      "version": "3.3.3333",
      "resolved": "https://registry.npmjs.org/typescript/-/typescript-3.3.3333.tgz",
      "integrity": "sha512-JjSKsAfuHBE/fB2oZ8NxtRTk5iGcg6hkYXMnZ3Wc+b2RSqejEqTaem11mHASMnFilHrax3sLK0GDzcJrekZYLw==",
      "dev": true
    }
  }
}
